
Microsoft Visual Studio Solution File, Format Version 12.00
# Visual Studio Version 16
VisualStudioVersion = 16.0.29806.167
MinimumVisualStudioVersion = 10.0.40219.1
Project("{FAE04EC0-301F-11D3-BF4B-00C04F79EFBC}") = "BischinoTheGame.Android", "BischinoTheGame\BischinoTheGame.Android\BischinoTheGame.Android.csproj", "{73C55B9C-9FE4-4112-AE30-6DF6038017A1}"
EndProject
Project("{FAE04EC0-301F-11D3-BF4B-00C04F79EFBC}") = "BischinoTheGame.iOS", "BischinoTheGame\BischinoTheGame.iOS\BischinoTheGame.iOS.csproj", "{94D3653B-0D9B-456B-8889-86D50BE74DFC}"
EndProject
Project("{9A19103F-16F7-4668-BE54-9A1E7A4F7556}") = "BischinoTheGame", "BischinoTheGame\BischinoTheGame\BischinoTheGame.csproj", "{E8B9802A-6EDB-4E08-9C60-79C57A9FACB5}"
EndProject
Project("{FAE04EC0-301F-11D3-BF4B-00C04F79EFBC}") = "Bischino.UnitTest", "Bischino.UnitTest\Bischino.UnitTest.csproj", "{5F21C3B8-FC38-4CE0-940A-53909CFB6F30}"
EndProject
Global
	GlobalSection(SolutionConfigurationPlatforms) = preSolution
		Debug|Any CPU = Debug|Any CPU
		Debug|ARM = Debug|ARM
		Debug|ARM64 = Debug|ARM64
		Debug|iPhone = Debug|iPhone
		Debug|iPhoneSimulator = Debug|iPhoneSimulator
		Debug|x64 = Debug|x64
		Debug|x86 = Debug|x86
		Release|Any CPU = Release|Any CPU
		Release|ARM = Release|ARM
		Release|ARM64 = Release|ARM64
		Release|iPhone = Release|iPhone
		Release|iPhoneSimulator = Release|iPhoneSimulator
		Release|x64 = Release|x64
		Release|x86 = Release|x86
	EndGlobalSection
	GlobalSection(ProjectConfigurationPlatforms) = postSolution
		{73C55B9C-9FE4-4112-AE30-6DF6038017A1}.Debug|Any CPU.ActiveCfg = Debug|Any CPU
		{73C55B9C-9FE4-4112-AE30-6DF6038017A1}.Debug|Any CPU.Build.0 = Debug|Any CPU
		{73C55B9C-9FE4-4112-AE30-6DF6038017A1}.Debug|Any CPU.Deploy.0 = Debug|Any CPU
		{73C55B9C-9FE4-4112-AE30-6DF6038017A1}.Debug|ARM.ActiveCfg = Debug|Any CPU
		{73C55B9C-9FE4-4112-AE30-6DF6038017A1}.Debug|ARM.Build.0 = Debug|Any CPU
		{73C55B9C-9FE4-4112-AE30-6DF6038017A1}.Debug|ARM.Deploy.0 = Debug|Any CPU
		{73C55B9C-9FE4-4112-AE30-6DF6038017A1}.Debug|ARM64.ActiveCfg = Debug|Any CPU
		{73C55B9C-9FE4-4112-AE30-6DF6038017A1}.Debug|ARM64.Build.0 = Debug|Any CPU
		{73C55B9C-9FE4-4112-AE30-6DF6038017A1}.Debug|ARM64.Deploy.0 = Debug|Any CPU
		{73C55B9C-9FE4-4112-AE30-6DF6038017A1}.Debug|iPhone.ActiveCfg = Debug|Any CPU
		{73C55B9C-9FE4-4112-AE30-6DF6038017A1}.Debug|iPhone.Build.0 = Debug|Any CPU
		{73C55B9C-9FE4-4112-AE30-6DF6038017A1}.Debug|iPhone.Deploy.0 = Debug|Any CPU
		{73C55B9C-9FE4-4112-AE30-6DF6038017A1}.Debug|iPhoneSimulator.ActiveCfg = Debug|Any CPU
		{73C55B9C-9FE4-4112-AE30-6DF6038017A1}.Debug|iPhoneSimulator.Build.0 = Debug|Any CPU
		{73C55B9C-9FE4-4112-AE30-6DF6038017A1}.Debug|iPhoneSimulator.Deploy.0 = Debug|Any CPU
		{73C55B9C-9FE4-4112-AE30-6DF6038017A1}.Debug|x64.ActiveCfg = Debug|Any CPU
		{73C55B9C-9FE4-4112-AE30-6DF6038017A1}.Debug|x64.Build.0 = Debug|Any CPU
		{73C55B9C-9FE4-4112-AE30-6DF6038017A1}.Debug|x64.Deploy.0 = Debug|Any CPU
		{73C55B9C-9FE4-4112-AE30-6DF6038017A1}.Debug|x86.ActiveCfg = Debug|Any CPU
		{73C55B9C-9FE4-4112-AE30-6DF6038017A1}.Debug|x86.Build.0 = Debug|Any CPU
		{73C55B9C-9FE4-4112-AE30-6DF6038017A1}.Debug|x86.Deploy.0 = Debug|Any CPU
		{73C55B9C-9FE4-4112-AE30-6DF6038017A1}.Release|Any CPU.ActiveCfg = Release|Any CPU
		{73C55B9C-9FE4-4112-AE30-6DF6038017A1}.Release|Any CPU.Build.0 = Release|Any CPU
		{73C55B9C-9FE4-4112-AE30-6DF6038017A1}.Release|Any CPU.Deploy.0 = Release|Any CPU
		{73C55B9C-9FE4-4112-AE30-6DF6038017A1}.Release|ARM.ActiveCfg = Release|Any CPU
		{73C55B9C-9FE4-4112-AE30-6DF6038017A1}.Release|ARM.Build.0 = Release|Any CPU
		{73C55B9C-9FE4-4112-AE30-6DF6038017A1}.Release|ARM.Deploy.0 = Release|Any CPU
		{73C55B9C-9FE4-4112-AE30-6DF6038017A1}.Release|ARM64.ActiveCfg = Release|Any CPU
		{73C55B9C-9FE4-4112-AE30-6DF6038017A1}.Release|ARM64.Build.0 = Release|Any CPU
		{73C55B9C-9FE4-4112-AE30-6DF6038017A1}.Release|ARM64.Deploy.0 = Release|Any CPU
		{73C55B9C-9FE4-4112-AE30-6DF6038017A1}.Release|iPhone.ActiveCfg = Release|Any CPU
		{73C55B9C-9FE4-4112-AE30-6DF6038017A1}.Release|iPhone.Build.0 = Release|Any CPU
		{73C55B9C-9FE4-4112-AE30-6DF6038017A1}.Release|iPhone.Deploy.0 = Release|Any CPU
		{73C55B9C-9FE4-4112-AE30-6DF6038017A1}.Release|iPhoneSimulator.ActiveCfg = Release|Any CPU
		{73C55B9C-9FE4-4112-AE30-6DF6038017A1}.Release|iPhoneSimulator.Build.0 = Release|Any CPU
		{73C55B9C-9FE4-4112-AE30-6DF6038017A1}.Release|iPhoneSimulator.Deploy.0 = Release|Any CPU
		{73C55B9C-9FE4-4112-AE30-6DF6038017A1}.Release|x64.ActiveCfg = Release|Any CPU
		{73C55B9C-9FE4-4112-AE30-6DF6038017A1}.Release|x64.Build.0 = Release|Any CPU
		{73C55B9C-9FE4-4112-AE30-6DF6038017A1}.Release|x64.Deploy.0 = Release|Any CPU
		{73C55B9C-9FE4-4112-AE30-6DF6038017A1}.Release|x86.ActiveCfg = Release|Any CPU
		{73C55B9C-9FE4-4112-AE30-6DF6038017A1}.Release|x86.Build.0 = Release|Any CPU
		{73C55B9C-9FE4-4112-AE30-6DF6038017A1}.Release|x86.Deploy.0 = Release|Any CPU
		{94D3653B-0D9B-456B-8889-86D50BE74DFC}.Debug|Any CPU.ActiveCfg = Debug|iPhoneSimulator
		{94D3653B-0D9B-456B-8889-86D50BE74DFC}.Debug|Any CPU.Deploy.0 = Debug|iPhoneSimulator
		{94D3653B-0D9B-456B-8889-86D50BE74DFC}.Debug|ARM.ActiveCfg = Debug|iPhone
		{94D3653B-0D9B-456B-8889-86D50BE74DFC}.Debug|ARM64.ActiveCfg = Debug|iPhone
		{94D3653B-0D9B-456B-8889-86D50BE74DFC}.Debug|iPhone.ActiveCfg = Debug|iPhone
		{94D3653B-0D9B-456B-8889-86D50BE74DFC}.Debug|iPhone.Build.0 = Debug|iPhone
		{94D3653B-0D9B-456B-8889-86D50BE74DFC}.Debug|iPhone.Deploy.0 = Debug|iPhone
		{94D3653B-0D9B-456B-8889-86D50BE74DFC}.Debug|iPhoneSimulator.ActiveCfg = Debug|iPhoneSimulator
		{94D3653B-0D9B-456B-8889-86D50BE74DFC}.Debug|iPhoneSimulator.Build.0 = Debug|iPhoneSimulator
		{94D3653B-0D9B-456B-8889-86D50BE74DFC}.Debug|iPhoneSimulator.Deploy.0 = Debug|iPhoneSimulator
		{94D3653B-0D9B-456B-8889-86D50BE74DFC}.Debug|x64.ActiveCfg = Debug|iPhone
		{94D3653B-0D9B-456B-8889-86D50BE74DFC}.Debug|x86.ActiveCfg = Debug|iPhone
		{94D3653B-0D9B-456B-8889-86D50BE74DFC}.Release|Any CPU.ActiveCfg = Release|iPhone
		{94D3653B-0D9B-456B-8889-86D50BE74DFC}.Release|Any CPU.Build.0 = Release|iPhone
		{94D3653B-0D9B-456B-8889-86D50BE74DFC}.Release|Any CPU.Deploy.0 = Release|iPhone
		{94D3653B-0D9B-456B-8889-86D50BE74DFC}.Release|ARM.ActiveCfg = Release|iPhoneSimulator
		{94D3653B-0D9B-456B-8889-86D50BE74DFC}.Release|ARM64.ActiveCfg = Release|iPhoneSimulator
		{94D3653B-0D9B-456B-8889-86D50BE74DFC}.Release|iPhone.ActiveCfg = Release|iPhone
		{94D3653B-0D9B-456B-8889-86D50BE74DFC}.Release|iPhone.Build.0 = Release|iPhone
		{94D3653B-0D9B-456B-8889-86D50BE74DFC}.Release|iPhone.Deploy.0 = Release|iPhone
		{94D3653B-0D9B-456B-8889-86D50BE74DFC}.Release|iPhoneSimulator.ActiveCfg = Release|iPhoneSimulator
		{94D3653B-0D9B-456B-8889-86D50BE74DFC}.Release|iPhoneSimulator.Build.0 = Release|iPhoneSimulator
		{94D3653B-0D9B-456B-8889-86D50BE74DFC}.Release|iPhoneSimulator.Deploy.0 = Release|iPhoneSimulator
		{94D3653B-0D9B-456B-8889-86D50BE74DFC}.Release|x64.ActiveCfg = Release|iPhoneSimulator
		{94D3653B-0D9B-456B-8889-86D50BE74DFC}.Release|x86.ActiveCfg = Release|iPhoneSimulator
		{E8B9802A-6EDB-4E08-9C60-79C57A9FACB5}.Debug|Any CPU.ActiveCfg = Debug|Any CPU
		{E8B9802A-6EDB-4E08-9C60-79C57A9FACB5}.Debug|Any CPU.Build.0 = Debug|Any CPU
		{E8B9802A-6EDB-4E08-9C60-79C57A9FACB5}.Debug|Any CPU.Deploy.0 = Debug|Any CPU
		{E8B9802A-6EDB-4E08-9C60-79C57A9FACB5}.Debug|ARM.ActiveCfg = Debug|Any CPU
		{E8B9802A-6EDB-4E08-9C60-79C57A9FACB5}.Debug|ARM.Build.0 = Debug|Any CPU
		{E8B9802A-6EDB-4E08-9C60-79C57A9FACB5}.Debug|ARM64.ActiveCfg = Debug|Any CPU
		{E8B9802A-6EDB-4E08-9C60-79C57A9FACB5}.Debug|ARM64.Build.0 = Debug|Any CPU
		{E8B9802A-6EDB-4E08-9C60-79C57A9FACB5}.Debug|iPhone.ActiveCfg = Debug|Any CPU
		{E8B9802A-6EDB-4E08-9C60-79C57A9FACB5}.Debug|iPhone.Build.0 = Debug|Any CPU
		{E8B9802A-6EDB-4E08-9C60-79C57A9FACB5}.Debug|iPhone.Deploy.0 = Debug|Any CPU
		{E8B9802A-6EDB-4E08-9C60-79C57A9FACB5}.Debug|iPhoneSimulator.ActiveCfg = Debug|Any CPU
		{E8B9802A-6EDB-4E08-9C60-79C57A9FACB5}.Debug|iPhoneSimulator.Build.0 = Debug|Any CPU
		{E8B9802A-6EDB-4E08-9C60-79C57A9FACB5}.Debug|iPhoneSimulator.Deploy.0 = Debug|Any CPU
		{E8B9802A-6EDB-4E08-9C60-79C57A9FACB5}.Debug|x64.ActiveCfg = Debug|Any CPU
		{E8B9802A-6EDB-4E08-9C60-79C57A9FACB5}.Debug|x64.Build.0 = Debug|Any CPU
		{E8B9802A-6EDB-4E08-9C60-79C57A9FACB5}.Debug|x86.ActiveCfg = Debug|Any CPU
		{E8B9802A-6EDB-4E08-9C60-79C57A9FACB5}.Debug|x86.Build.0 = Debug|Any CPU
		{E8B9802A-6EDB-4E08-9C60-79C57A9FACB5}.Release|Any CPU.ActiveCfg = Release|Any CPU
		{E8B9802A-6EDB-4E08-9C60-79C57A9FACB5}.Release|Any CPU.Build.0 = Release|Any CPU
		{E8B9802A-6EDB-4E08-9C60-79C57A9FACB5}.Release|Any CPU.Deploy.0 = Release|Any CPU
		{E8B9802A-6EDB-4E08-9C60-79C57A9FACB5}.Release|ARM.ActiveCfg = Release|Any CPU
		{E8B9802A-6EDB-4E08-9C60-79C57A9FACB5}.Release|ARM.Build.0 = Release|Any CPU
		{E8B9802A-6EDB-4E08-9C60-79C57A9FACB5}.Release|ARM64.ActiveCfg = Release|Any CPU
		{E8B9802A-6EDB-4E08-9C60-79C57A9FACB5}.Release|ARM64.Build.0 = Release|Any CPU
		{E8B9802A-6EDB-4E08-9C60-79C57A9FACB5}.Release|iPhone.ActiveCfg = Release|Any CPU
		{E8B9802A-6EDB-4E08-9C60-79C57A9FACB5}.Release|iPhone.Build.0 = Release|Any CPU
		{E8B9802A-6EDB-4E08-9C60-79C57A9FACB5}.Release|iPhone.Deploy.0 = Release|Any CPU
		{E8B9802A-6EDB-4E08-9C60-79C57A9FACB5}.Release|iPhoneSimulator.ActiveCfg = Release|Any CPU
		{E8B9802A-6EDB-4E08-9C60-79C57A9FACB5}.Release|iPhoneSimulator.Build.0 = Release|Any CPU
		{E8B9802A-6EDB-4E08-9C60-79C57A9FACB5}.Release|iPhoneSimulator.Deploy.0 = Release|Any CPU
		{E8B9802A-6EDB-4E08-9C60-79C57A9FACB5}.Release|x64.ActiveCfg = Release|Any CPU
		{E8B9802A-6EDB-4E08-9C60-79C57A9FACB5}.Release|x64.Build.0 = Release|Any CPU
		{E8B9802A-6EDB-4E08-9C60-79C57A9FACB5}.Release|x86.ActiveCfg = Release|Any CPU
		{E8B9802A-6EDB-4E08-9C60-79C57A9FACB5}.Release|x86.Build.0 = Release|Any CPU
		{5F21C3B8-FC38-4CE0-940A-53909CFB6F30}.Debug|Any CPU.ActiveCfg = Debug|Any CPU
		{5F21C3B8-FC38-4CE0-940A-53909CFB6F30}.Debug|Any CPU.Build.0 = Debug|Any CPU
		{5F21C3B8-FC38-4CE0-940A-53909CFB6F30}.Debug|ARM.ActiveCfg = Debug|Any CPU
		{5F21C3B8-FC38-4CE0-940A-53909CFB6F30}.Debug|ARM.Build.0 = Debug|Any CPU
		{5F21C3B8-FC38-4CE0-940A-53909CFB6F30}.Debug|ARM64.ActiveCfg = Debug|Any CPU
		{5F21C3B8-FC38-4CE0-940A-53909CFB6F30}.Debug|ARM64.Build.0 = Debug|Any CPU
		{5F21C3B8-FC38-4CE0-940A-53909CFB6F30}.Debug|iPhone.ActiveCfg = Debug|Any CPU
		{5F21C3B8-FC38-4CE0-940A-53909CFB6F30}.Debug|iPhone.Build.0 = Debug|Any CPU
		{5F21C3B8-FC38-4CE0-940A-53909CFB6F30}.Debug|iPhoneSimulator.ActiveCfg = Debug|Any CPU
		{5F21C3B8-FC38-4CE0-940A-53909CFB6F30}.Debug|iPhoneSimulator.Build.0 = Debug|Any CPU
		{5F21C3B8-FC38-4CE0-940A-53909CFB6F30}.Debug|x64.ActiveCfg = Debug|Any CPU
		{5F21C3B8-FC38-4CE0-940A-53909CFB6F30}.Debug|x64.Build.0 = Debug|Any CPU
		{5F21C3B8-FC38-4CE0-940A-53909CFB6F30}.Debug|x86.ActiveCfg = Debug|Any CPU
		{5F21C3B8-FC38-4CE0-940A-53909CFB6F30}.Debug|x86.Build.0 = Debug|Any CPU
		{5F21C3B8-FC38-4CE0-940A-53909CFB6F30}.Release|Any CPU.ActiveCfg = Release|Any CPU
		{5F21C3B8-FC38-4CE0-940A-53909CFB6F30}.Release|Any CPU.Build.0 = Release|Any CPU
		{5F21C3B8-FC38-4CE0-940A-53909CFB6F30}.Release|ARM.ActiveCfg = Release|Any CPU
		{5F21C3B8-FC38-4CE0-940A-53909CFB6F30}.Release|ARM.Build.0 = Release|Any CPU
		{5F21C3B8-FC38-4CE0-940A-53909CFB6F30}.Release|ARM64.ActiveCfg = Release|Any CPU
		{5F21C3B8-FC38-4CE0-940A-53909CFB6F30}.Release|ARM64.Build.0 = Release|Any CPU
		{5F21C3B8-FC38-4CE0-940A-53909CFB6F30}.Release|iPhone.ActiveCfg = Release|Any CPU
		{5F21C3B8-FC38-4CE0-940A-53909CFB6F30}.Release|iPhone.Build.0 = Release|Any CPU
		{5F21C3B8-FC38-4CE0-940A-53909CFB6F30}.Release|iPhoneSimulator.ActiveCfg = Release|Any CPU
		{5F21C3B8-FC38-4CE0-940A-53909CFB6F30}.Release|iPhoneSimulator.Build.0 = Release|Any CPU
		{5F21C3B8-FC38-4CE0-940A-53909CFB6F30}.Release|x64.ActiveCfg = Release|Any CPU
		{5F21C3B8-FC38-4CE0-940A-53909CFB6F30}.Release|x64.Build.0 = Release|Any CPU
		{5F21C3B8-FC38-4CE0-940A-53909CFB6F30}.Release|x86.ActiveCfg = Release|Any CPU
		{5F21C3B8-FC38-4CE0-940A-53909CFB6F30}.Release|x86.Build.0 = Release|Any CPU
	EndGlobalSection
	GlobalSection(SolutionProperties) = preSolution
		HideSolutionNode = FALSE
	EndGlobalSection
	GlobalSection(ExtensibilityGlobals) = postSolution
		SolutionGuid = {38FE4C2C-8903-489F-9DD3-4C14D17F2116}
	EndGlobalSection
EndGlobal
